
Microsoft Visual Studio Solution File, Format Version 12.00
# Visual Studio Version 16
VisualStudioVersion = 16.0.32106.194
MinimumVisualStudioVersion = 10.0.40219.1
Project("{FAE04EC0-301F-11D3-BF4B-00C04F79EFBC}") = "Tetris_CMD", "Tetris_CMD.csproj", "{3E0201FD-D0B8-429F-9896-8A44DB30D0AD}"
EndProject
Global
	GlobalSection(SolutionConfigurationPlatforms) = preSolution
		Debug|Any CPU = Debug|Any CPU
		Release|Any CPU = Release|Any CPU
	EndGlobalSection
	GlobalSection(ProjectConfigurationPlatforms) = postSolution
		{3E0201FD-D0B8-429F-9896-8A44DB30D0AD}.Debug|Any CPU.ActiveCfg = Debug|Any CPU
		{3E0201FD-D0B8-429F-9896-8A44DB30D0AD}.Debug|Any CPU.Build.0 = Debug|Any CPU
		{3E0201FD-D0B8-429F-9896-8A44DB30D0AD}.Release|Any CPU.ActiveCfg = Release|Any CPU
		{3E0201FD-D0B8-429F-9896-8A44DB30D0AD}.Release|Any CPU.Build.0 = Release|Any CPU
	EndGlobalSection
	GlobalSection(SolutionProperties) = preSolution
		HideSolutionNode = FALSE
	EndGlobalSection
	GlobalSection(ExtensibilityGlobals) = postSolution
		SolutionGuid = {19AB63B6-8771-44B7-829F-634853D43627}
	EndGlobalSection
EndGlobal
